
Microsoft Visual Studio Solution File, Format Version 12.00
# Visual Studio 15
VisualStudioVersion = 15.0.27130.2020
MinimumVisualStudioVersion = 10.0.40219.1
Project("{FAE04EC0-301F-11D3-BF4B-00C04F79EFBC}") = "VectorTriad", "SerialVectorTriad\VectorTriad.csproj", "{50808A8E-D183-4A6D-BAEA-796A2AC049D0}"
EndProject
Project("{FAE04EC0-301F-11D3-BF4B-00C04F79EFBC}") = "Speedup", "Speedup\Speedup.csproj", "{1D9BC995-6FA6-4285-B980-3D1EC7162235}"
EndProject
Project("{2150E333-8FDC-42A3-9474-1A3956D46DE8}") = "Utilities", "Utilities", "{661F4FDA-8890-42D7-A293-040608FBA594}"
EndProject
Project("{FAE04EC0-301F-11D3-BF4B-00C04F79EFBC}") = "Benchmark", "Benchmark\Benchmark.csproj", "{20FF58F8-B0EE-41E9-97A1-355E914C6B1F}"
EndProject
Project("{FAE04EC0-301F-11D3-BF4B-00C04F79EFBC}") = "FalseSharing", "FalseSharingIntegration\FalseSharing.csproj", "{D18728A1-2E3E-44C3-BA5F-BAD9B7640926}"
EndProject
Project("{FAE04EC0-301F-11D3-BF4B-00C04F79EFBC}") = "CacheThrashing", "CacheThrashing\CacheThrashing.csproj", "{C832319B-5646-40C9-8F3A-832528CFFA40}"
EndProject
Project("{FAE04EC0-301F-11D3-BF4B-00C04F79EFBC}") = "LoadImbalance", "LoadImbalance\LoadImbalance.csproj", "{1905A555-EBD0-4984-96BD-CB09D8910268}"
EndProject
Project("{FAE04EC0-301F-11D3-BF4B-00C04F79EFBC}") = "LoadBalancingTasks", "LoadImbalanceTask\LoadBalancingTasks.csproj", "{CEB8AD3A-7F90-4EED-86AF-59B9E546A99A}"
EndProject
Project("{2150E333-8FDC-42A3-9474-1A3956D46DE8}") = "Tasks", "Tasks", "{2016B444-F29A-4123-85E3-D00760D9E206}"
EndProject
Project("{FAE04EC0-301F-11D3-BF4B-00C04F79EFBC}") = "LongRunningTasks", "LongRunningTasks\LongRunningTasks.csproj", "{C7E28EE7-6025-4402-9D88-A1C348B4C3BF}"
EndProject
Project("{2150E333-8FDC-42A3-9474-1A3956D46DE8}") = "LoadBalancing", "LoadBalancing", "{FE39DBB0-C93E-4151-9FEF-EE644DD5DA7A}"
EndProject
Project("{2150E333-8FDC-42A3-9474-1A3956D46DE8}") = "Memory", "Memory", "{201A2D9B-7C08-41D3-9756-24E118FF9DA1}"
EndProject
Project("{2150E333-8FDC-42A3-9474-1A3956D46DE8}") = "Synchronization", "Synchronization", "{3CA647ED-E9B1-4DAA-99D5-EE93C0411E74}"
EndProject
Project("{FAE04EC0-301F-11D3-BF4B-00C04F79EFBC}") = "ParallelEfficiencyLocking", "Synchronization\ParallelEfficiencyLocking.csproj", "{3435E07A-6F44-451B-B299-C714E335AF24}"
EndProject
Project("{FAE04EC0-301F-11D3-BF4B-00C04F79EFBC}") = "SMT", "SMT\SMT.csproj", "{CA855745-73FA-4A8E-81B6-1DE00AB2E52C}"
EndProject
Project("{2150E333-8FDC-42A3-9474-1A3956D46DE8}") = "BasicScaling", "BasicScaling", "{A15B313C-F57E-446C-AB45-F2B3535E790F}"
EndProject
Project("{FAE04EC0-301F-11D3-BF4B-00C04F79EFBC}") = "BinaryReduction", "BinaryReduction\BinaryReduction.csproj", "{8621E2E6-6E33-43D7-AD79-6A8C07CA435A}"
EndProject
Global
	GlobalSection(SolutionConfigurationPlatforms) = preSolution
		Debug|Any CPU = Debug|Any CPU
		Release|Any CPU = Release|Any CPU
	EndGlobalSection
	GlobalSection(ProjectConfigurationPlatforms) = postSolution
		{50808A8E-D183-4A6D-BAEA-796A2AC049D0}.Debug|Any CPU.ActiveCfg = Debug|Any CPU
		{50808A8E-D183-4A6D-BAEA-796A2AC049D0}.Debug|Any CPU.Build.0 = Debug|Any CPU
		{50808A8E-D183-4A6D-BAEA-796A2AC049D0}.Release|Any CPU.ActiveCfg = Release|Any CPU
		{50808A8E-D183-4A6D-BAEA-796A2AC049D0}.Release|Any CPU.Build.0 = Release|Any CPU
		{1D9BC995-6FA6-4285-B980-3D1EC7162235}.Debug|Any CPU.ActiveCfg = Debug|Any CPU
		{1D9BC995-6FA6-4285-B980-3D1EC7162235}.Debug|Any CPU.Build.0 = Debug|Any CPU
		{1D9BC995-6FA6-4285-B980-3D1EC7162235}.Release|Any CPU.ActiveCfg = Release|Any CPU
		{1D9BC995-6FA6-4285-B980-3D1EC7162235}.Release|Any CPU.Build.0 = Release|Any CPU
		{20FF58F8-B0EE-41E9-97A1-355E914C6B1F}.Debug|Any CPU.ActiveCfg = Debug|Any CPU
		{20FF58F8-B0EE-41E9-97A1-355E914C6B1F}.Debug|Any CPU.Build.0 = Debug|Any CPU
		{20FF58F8-B0EE-41E9-97A1-355E914C6B1F}.Release|Any CPU.ActiveCfg = Release|Any CPU
		{20FF58F8-B0EE-41E9-97A1-355E914C6B1F}.Release|Any CPU.Build.0 = Release|Any CPU
		{D18728A1-2E3E-44C3-BA5F-BAD9B7640926}.Debug|Any CPU.ActiveCfg = Debug|Any CPU
		{D18728A1-2E3E-44C3-BA5F-BAD9B7640926}.Debug|Any CPU.Build.0 = Debug|Any CPU
		{D18728A1-2E3E-44C3-BA5F-BAD9B7640926}.Release|Any CPU.ActiveCfg = Release|Any CPU
		{D18728A1-2E3E-44C3-BA5F-BAD9B7640926}.Release|Any CPU.Build.0 = Release|Any CPU
		{C832319B-5646-40C9-8F3A-832528CFFA40}.Debug|Any CPU.ActiveCfg = Debug|Any CPU
		{C832319B-5646-40C9-8F3A-832528CFFA40}.Debug|Any CPU.Build.0 = Debug|Any CPU
		{C832319B-5646-40C9-8F3A-832528CFFA40}.Release|Any CPU.ActiveCfg = Release|Any CPU
		{C832319B-5646-40C9-8F3A-832528CFFA40}.Release|Any CPU.Build.0 = Release|Any CPU
		{1905A555-EBD0-4984-96BD-CB09D8910268}.Debug|Any CPU.ActiveCfg = Debug|Any CPU
		{1905A555-EBD0-4984-96BD-CB09D8910268}.Debug|Any CPU.Build.0 = Debug|Any CPU
		{1905A555-EBD0-4984-96BD-CB09D8910268}.Release|Any CPU.ActiveCfg = Release|Any CPU
		{1905A555-EBD0-4984-96BD-CB09D8910268}.Release|Any CPU.Build.0 = Release|Any CPU
		{CEB8AD3A-7F90-4EED-86AF-59B9E546A99A}.Debug|Any CPU.ActiveCfg = Debug|Any CPU
		{CEB8AD3A-7F90-4EED-86AF-59B9E546A99A}.Debug|Any CPU.Build.0 = Debug|Any CPU
		{CEB8AD3A-7F90-4EED-86AF-59B9E546A99A}.Release|Any CPU.ActiveCfg = Release|Any CPU
		{CEB8AD3A-7F90-4EED-86AF-59B9E546A99A}.Release|Any CPU.Build.0 = Release|Any CPU
		{C7E28EE7-6025-4402-9D88-A1C348B4C3BF}.Debug|Any CPU.ActiveCfg = Debug|Any CPU
		{C7E28EE7-6025-4402-9D88-A1C348B4C3BF}.Debug|Any CPU.Build.0 = Debug|Any CPU
		{C7E28EE7-6025-4402-9D88-A1C348B4C3BF}.Release|Any CPU.ActiveCfg = Release|Any CPU
		{C7E28EE7-6025-4402-9D88-A1C348B4C3BF}.Release|Any CPU.Build.0 = Release|Any CPU
		{3435E07A-6F44-451B-B299-C714E335AF24}.Debug|Any CPU.ActiveCfg = Debug|Any CPU
		{3435E07A-6F44-451B-B299-C714E335AF24}.Debug|Any CPU.Build.0 = Debug|Any CPU
		{3435E07A-6F44-451B-B299-C714E335AF24}.Release|Any CPU.ActiveCfg = Release|Any CPU
		{3435E07A-6F44-451B-B299-C714E335AF24}.Release|Any CPU.Build.0 = Release|Any CPU
		{CA855745-73FA-4A8E-81B6-1DE00AB2E52C}.Debug|Any CPU.ActiveCfg = Debug|Any CPU
		{CA855745-73FA-4A8E-81B6-1DE00AB2E52C}.Debug|Any CPU.Build.0 = Debug|Any CPU
		{CA855745-73FA-4A8E-81B6-1DE00AB2E52C}.Release|Any CPU.ActiveCfg = Release|Any CPU
		{CA855745-73FA-4A8E-81B6-1DE00AB2E52C}.Release|Any CPU.Build.0 = Release|Any CPU
		{8621E2E6-6E33-43D7-AD79-6A8C07CA435A}.Debug|Any CPU.ActiveCfg = Debug|Any CPU
		{8621E2E6-6E33-43D7-AD79-6A8C07CA435A}.Debug|Any CPU.Build.0 = Debug|Any CPU
		{8621E2E6-6E33-43D7-AD79-6A8C07CA435A}.Release|Any CPU.ActiveCfg = Release|Any CPU
		{8621E2E6-6E33-43D7-AD79-6A8C07CA435A}.Release|Any CPU.Build.0 = Release|Any CPU
	EndGlobalSection
	GlobalSection(SolutionProperties) = preSolution
		HideSolutionNode = FALSE
	EndGlobalSection
	GlobalSection(NestedProjects) = preSolution
		{50808A8E-D183-4A6D-BAEA-796A2AC049D0} = {201A2D9B-7C08-41D3-9756-24E118FF9DA1}
		{1D9BC995-6FA6-4285-B980-3D1EC7162235} = {A15B313C-F57E-446C-AB45-F2B3535E790F}
		{20FF58F8-B0EE-41E9-97A1-355E914C6B1F} = {661F4FDA-8890-42D7-A293-040608FBA594}
		{D18728A1-2E3E-44C3-BA5F-BAD9B7640926} = {201A2D9B-7C08-41D3-9756-24E118FF9DA1}
		{C832319B-5646-40C9-8F3A-832528CFFA40} = {201A2D9B-7C08-41D3-9756-24E118FF9DA1}
		{1905A555-EBD0-4984-96BD-CB09D8910268} = {FE39DBB0-C93E-4151-9FEF-EE644DD5DA7A}
		{CEB8AD3A-7F90-4EED-86AF-59B9E546A99A} = {FE39DBB0-C93E-4151-9FEF-EE644DD5DA7A}
		{C7E28EE7-6025-4402-9D88-A1C348B4C3BF} = {2016B444-F29A-4123-85E3-D00760D9E206}
		{3435E07A-6F44-451B-B299-C714E335AF24} = {3CA647ED-E9B1-4DAA-99D5-EE93C0411E74}
		{CA855745-73FA-4A8E-81B6-1DE00AB2E52C} = {A15B313C-F57E-446C-AB45-F2B3535E790F}
		{8621E2E6-6E33-43D7-AD79-6A8C07CA435A} = {3CA647ED-E9B1-4DAA-99D5-EE93C0411E74}
	EndGlobalSection
	GlobalSection(ExtensibilityGlobals) = postSolution
		SolutionGuid = {CBF47379-DAA7-49F4-AE0D-09B12D30EF79}
	EndGlobalSection
EndGlobal
